
Microsoft Visual Studio Solution File, Format Version 12.00
# Visual Studio Version 17
VisualStudioVersion = 17.4.33122.133
MinimumVisualStudioVersion = 10.0.40219.1
Project("{FAE04EC0-301F-11D3-BF4B-00C04F79EFBC}") = "WorkerService", "WorkerService\WorkerService.csproj", "{6AC48904-3202-41DF-9EC1-A2EA1D2FB998}"
EndProject
Global
	GlobalSection(SolutionConfigurationPlatforms) = preSolution
		Debug|Any CPU = Debug|Any CPU
		Release|Any CPU = Release|Any CPU
	EndGlobalSection
	GlobalSection(ProjectConfigurationPlatforms) = postSolution
		{6AC48904-3202-41DF-9EC1-A2EA1D2FB998}.Debug|Any CPU.ActiveCfg = Debug|Any CPU
		{6AC48904-3202-41DF-9EC1-A2EA1D2FB998}.Debug|Any CPU.Build.0 = Debug|Any CPU
		{6AC48904-3202-41DF-9EC1-A2EA1D2FB998}.Release|Any CPU.ActiveCfg = Release|Any CPU
		{6AC48904-3202-41DF-9EC1-A2EA1D2FB998}.Release|Any CPU.Build.0 = Release|Any CPU
	EndGlobalSection
	GlobalSection(SolutionProperties) = preSolution
		HideSolutionNode = FALSE
	EndGlobalSection
	GlobalSection(ExtensibilityGlobals) = postSolution
		SolutionGuid = {278372E2-AA0A-4B3D-9BF5-A3BC9C2C28E3}
	EndGlobalSection
EndGlobal
